
Microsoft Visual Studio Solution File, Format Version 12.00
# Visual Studio Version 16
VisualStudioVersion = 16.0.30717.126
MinimumVisualStudioVersion = 10.0.40219.1
Project("{9A19103F-16F7-4668-BE54-9A1E7A4F7556}") = "blogBack", "blogBack.csproj", "{A7F975CE-15C3-4CE9-8854-3DB1ADA01252}"
EndProject
Project("{00D1A9C2-B5F0-4AF3-8072-F6C62B433612}") = "blogDatabase", "..\blogDatabase\blogDatabase.sqlproj", "{C31D48C1-AB88-48A5-9DFF-411B84011E78}"
EndProject
Global
	GlobalSection(SolutionConfigurationPlatforms) = preSolution
		Debug|Any CPU = Debug|Any CPU
		Development|Any CPU = Development|Any CPU
		Release|Any CPU = Release|Any CPU
	EndGlobalSection
	GlobalSection(ProjectConfigurationPlatforms) = postSolution
		{A7F975CE-15C3-4CE9-8854-3DB1ADA01252}.Debug|Any CPU.ActiveCfg = Debug|Any CPU
		{A7F975CE-15C3-4CE9-8854-3DB1ADA01252}.Debug|Any CPU.Build.0 = Debug|Any CPU
		{A7F975CE-15C3-4CE9-8854-3DB1ADA01252}.Development|Any CPU.ActiveCfg = Debug|Any CPU
		{A7F975CE-15C3-4CE9-8854-3DB1ADA01252}.Development|Any CPU.Build.0 = Debug|Any CPU
		{A7F975CE-15C3-4CE9-8854-3DB1ADA01252}.Release|Any CPU.ActiveCfg = Release|Any CPU
		{A7F975CE-15C3-4CE9-8854-3DB1ADA01252}.Release|Any CPU.Build.0 = Release|Any CPU
		{C31D48C1-AB88-48A5-9DFF-411B84011E78}.Debug|Any CPU.ActiveCfg = Debug|Any CPU
		{C31D48C1-AB88-48A5-9DFF-411B84011E78}.Debug|Any CPU.Build.0 = Debug|Any CPU
		{C31D48C1-AB88-48A5-9DFF-411B84011E78}.Debug|Any CPU.Deploy.0 = Debug|Any CPU
		{C31D48C1-AB88-48A5-9DFF-411B84011E78}.Development|Any CPU.ActiveCfg = Debug|Any CPU
		{C31D48C1-AB88-48A5-9DFF-411B84011E78}.Development|Any CPU.Build.0 = Debug|Any CPU
		{C31D48C1-AB88-48A5-9DFF-411B84011E78}.Development|Any CPU.Deploy.0 = Debug|Any CPU
		{C31D48C1-AB88-48A5-9DFF-411B84011E78}.Release|Any CPU.ActiveCfg = Release|Any CPU
		{C31D48C1-AB88-48A5-9DFF-411B84011E78}.Release|Any CPU.Build.0 = Release|Any CPU
		{C31D48C1-AB88-48A5-9DFF-411B84011E78}.Release|Any CPU.Deploy.0 = Release|Any CPU
	EndGlobalSection
	GlobalSection(SolutionProperties) = preSolution
		HideSolutionNode = FALSE
	EndGlobalSection
	GlobalSection(ExtensibilityGlobals) = postSolution
		SolutionGuid = {5C245BF8-6A42-4BA7-B4F2-62D508472892}
	EndGlobalSection
EndGlobal
